schema: '2.0'
stages:
  data_ingestion:
    cmd: python src/data_ingestion.py
    deps:
    - path: src/data_ingestion.py
      hash: md5
      md5: 33ae89940ae053f8604bb7b3e5eefc77
      size: 3780
    params:
      params.yaml:
        data_ingestion.test_size: 0.18
    outs:
    - path: data/raw
      hash: md5
      md5: d0a9681b7bd8db70400dddf432cf1268.dir
      size: 484846
      nfiles: 2
  preprocessing:
    cmd: python src/preprocessing.py
    deps:
    - path: data/raw
      hash: md5
      md5: d0a9681b7bd8db70400dddf432cf1268.dir
      size: 484846
      nfiles: 2
    - path: src/preprocessing.py
      hash: md5
      md5: 9e080000943bc12ca8d378d2cc238417
      size: 4713
    outs:
    - path: data/interim/test_processed.csv
      hash: md5
      md5: da00cb4ec12a70bcf32eb4063b118254
      size: 49749
    - path: data/interim/train_processed.csv
      hash: md5
      md5: 6dcd41533bd3f449db6f92bc2a57153b
      size: 210008
  feature_engineering:
    cmd: python src/feature_engineering.py
    deps:
    - path: data/interim
      hash: md5
      md5: 7dd40f237d49214004bc190ef9d7616c.dir
      size: 259757
      nfiles: 2
    - path: src/feature_engineering.py
      hash: md5
      md5: aefd87dada1c793efc576beeee083eb0
      size: 3951
    params:
      params.yaml:
        feature_engineering.max_features: 45
    outs:
    - path: data/processed
      hash: md5
      md5: f15b2ffca8a3e418f0e13e7161819a1e.dir
      size: 1064665
      nfiles: 2
  model_building:
    cmd: python src/model_building.py
    deps:
    - path: data/processed
      hash: md5
      md5: f15b2ffca8a3e418f0e13e7161819a1e.dir
      size: 1064665
      nfiles: 2
    - path: src/model_building.py
      hash: md5
      md5: 7bbc627cc3f9880f437c16da9f93784e
      size: 4486
    params:
      params.yaml:
        model_building.n_estimators: 20
        model_building.random_state: 42
    outs:
    - path: models/model.pkl
      hash: md5
      md5: 68456357cd53459d990621989d2577d5
      size: 769142
  model_evaluation:
    cmd: python src/model_evaluation.py
    deps:
    - path: models/model.pkl
      hash: md5
      md5: 68456357cd53459d990621989d2577d5
      size: 769142
    - path: src/model_evaluation.py
      hash: md5
      md5: 2dfad6d2118d5035c04178a7ca37de5a
      size: 4301
    outs:
    - path: reports/metrics.json
      hash: md5
      md5: 8cee43972fa74ae1b3373b207327848e
      size: 144
