schema: '2.0'
stages:
  data_ingestion:
    cmd: python src/data_ingestion.py
    deps:
    - path: src/data_ingestion.py
      hash: md5
      md5: 33ae89940ae053f8604bb7b3e5eefc77
      size: 3780
    params:
      params.yaml:
        data_ingestion.test_size: 0.3
    outs:
    - path: data/raw
      hash: md5
      md5: d26befd2dda9438254177d9000d9ba1f.dir
      size: 484846
      nfiles: 2
  preprocessing:
    cmd: python src/preprocessing.py
    deps:
    - path: data/raw
      hash: md5
      md5: d26befd2dda9438254177d9000d9ba1f.dir
      size: 484846
      nfiles: 2
    - path: src/preprocessing.py
      hash: md5
      md5: f8f2af6597a109619ec554a598e0b401
      size: 4710
    outs:
    - path: data/interim/test_processed.csv
      hash: md5
      md5: b5c9aa0c9b4c1abe15ec662f05a9b260
      size: 82753
    - path: data/interim/train_processed.csv
      hash: md5
      md5: 077f9ecc3a32b4bfdea0c4dc08962add
      size: 179760
  feature_engineering:
    cmd: python src/feature_engineering.py
    deps:
    - path: data/interim
      hash: md5
      md5: 61ca13b2e20854a1f7bacbbcfeca409e.dir
      size: 262513
      nfiles: 2
    - path: src/feature_engineering.py
      hash: md5
      md5: aefd87dada1c793efc576beeee083eb0
      size: 3951
    params:
      params.yaml:
        feature_engineering.max_features: 32
    outs:
    - path: data/processed
      hash: md5
      md5: 56062a2e040c4856776b843d56703c83.dir
      size: 770822
      nfiles: 2
  model_building:
    cmd: python src/model_building.py
    deps:
    - path: data/processed
      hash: md5
      md5: 56062a2e040c4856776b843d56703c83.dir
      size: 770822
      nfiles: 2
    - path: src/model_building.py
      hash: md5
      md5: 7bbc627cc3f9880f437c16da9f93784e
      size: 4486
    params:
      params.yaml:
        model_building.n_estimators: 25
        model_building.random_state: 42
    outs:
    - path: models/model.pkl
      hash: md5
      md5: 789b77c03d5e0388450325dca0fbe3f9
      size: 678419
  model_evaluation:
    cmd: python src/model_evaluation.py
    deps:
    - path: models/model.pkl
      hash: md5
      md5: 789b77c03d5e0388450325dca0fbe3f9
      size: 678419
    - path: src/model_evaluation.py
      hash: md5
      md5: 6c993341b7ce61a7036bfc70f9baff24
      size: 4658
    outs:
    - path: reports/metrics.json
      hash: md5
      md5: 1a63e45131a056d81f31e3d22bb64738
      size: 145
